
Microsoft Visual Studio Solution File, Format Version 12.00
# Visual Studio Version 16
VisualStudioVersion = 16.0.30204.135
MinimumVisualStudioVersion = 10.0.40219.1
Project("{9A19103F-16F7-4668-BE54-9A1E7A4F7556}") = "WebAPIChallenge", "WebAPIChallenge\WebAPIChallenge.csproj", "{D423DCD6-3A73-4B1C-A414-6C9E705A2B31}"
EndProject
Project("{9A19103F-16F7-4668-BE54-9A1E7A4F7556}") = "CalendarWebApi", "CalendarWebApi\CalendarWebApi.csproj", "{D4286D41-A9F3-4C43-94B1-3029FB1E227D}"
EndProject
Global
	GlobalSection(SolutionConfigurationPlatforms) = preSolution
		Debug|Any CPU = Debug|Any CPU
		Release|Any CPU = Release|Any CPU
	EndGlobalSection
	GlobalSection(ProjectConfigurationPlatforms) = postSolution
		{D423DCD6-3A73-4B1C-A414-6C9E705A2B31}.Debug|Any CPU.ActiveCfg = Debug|Any CPU
		{D423DCD6-3A73-4B1C-A414-6C9E705A2B31}.Debug|Any CPU.Build.0 = Debug|Any CPU
		{D423DCD6-3A73-4B1C-A414-6C9E705A2B31}.Release|Any CPU.ActiveCfg = Release|Any CPU
		{D423DCD6-3A73-4B1C-A414-6C9E705A2B31}.Release|Any CPU.Build.0 = Release|Any CPU
		{D4286D41-A9F3-4C43-94B1-3029FB1E227D}.Debug|Any CPU.ActiveCfg = Debug|Any CPU
		{D4286D41-A9F3-4C43-94B1-3029FB1E227D}.Debug|Any CPU.Build.0 = Debug|Any CPU
		{D4286D41-A9F3-4C43-94B1-3029FB1E227D}.Release|Any CPU.ActiveCfg = Release|Any CPU
		{D4286D41-A9F3-4C43-94B1-3029FB1E227D}.Release|Any CPU.Build.0 = Release|Any CPU
	EndGlobalSection
	GlobalSection(SolutionProperties) = preSolution
		HideSolutionNode = FALSE
	EndGlobalSection
	GlobalSection(ExtensibilityGlobals) = postSolution
		SolutionGuid = {73830521-1ED7-4815-AC38-B07DC96E6DF0}
	EndGlobalSection
EndGlobal
